
Microsoft Visual Studio Solution File, Format Version 12.00
# Visual Studio Version 17
VisualStudioVersion = 17.14.36221.1
MinimumVisualStudioVersion = 10.0.40219.1
Project("{FAE04EC0-301F-11D3-BF4B-00C04F79EFBC}") = "CaseItau.API", "src\CaseItau.API\CaseItau.API.csproj", "{3707953F-0288-465D-93BC-790A4E80D734}"
EndProject
Project("{FAE04EC0-301F-11D3-BF4B-00C04F79EFBC}") = "CaseItau.Application", "src\CaseItau.Application\CaseItau.Application.csproj", "{5D72495F-ED8F-4593-ACA2-43FCE5F1CB17}"
EndProject
Project("{FAE04EC0-301F-11D3-BF4B-00C04F79EFBC}") = "CaseItau.Domain", "src\CaseItau.Domain\CaseItau.Domain.csproj", "{C457A0A4-D9AE-4B0F-A790-8CBFBD7B6605}"
EndProject
Project("{FAE04EC0-301F-11D3-BF4B-00C04F79EFBC}") = "CaseItau.Infrastructure", "src\CaseItau.Infrastructure\CaseItau.Infrastructure.csproj", "{5004C464-437C-4236-8B98-DF28E50E32DA}"
EndProject
Project("{FAE04EC0-301F-11D3-BF4B-00C04F79EFBC}") = "CaseItau.UnitTests", "src\CaseItau.Tests\CaseItau.UnitTests.csproj", "{48C7D1F8-9658-495C-9E2E-C8D3C333CB63}"
EndProject
Global
	GlobalSection(SolutionConfigurationPlatforms) = preSolution
		Debug|Any CPU = Debug|Any CPU
		Release|Any CPU = Release|Any CPU
	EndGlobalSection
	GlobalSection(ProjectConfigurationPlatforms) = postSolution
		{3707953F-0288-465D-93BC-790A4E80D734}.Debug|Any CPU.ActiveCfg = Debug|Any CPU
		{3707953F-0288-465D-93BC-790A4E80D734}.Debug|Any CPU.Build.0 = Debug|Any CPU
		{3707953F-0288-465D-93BC-790A4E80D734}.Release|Any CPU.ActiveCfg = Release|Any CPU
		{3707953F-0288-465D-93BC-790A4E80D734}.Release|Any CPU.Build.0 = Release|Any CPU
		{5D72495F-ED8F-4593-ACA2-43FCE5F1CB17}.Debug|Any CPU.ActiveCfg = Debug|Any CPU
		{5D72495F-ED8F-4593-ACA2-43FCE5F1CB17}.Debug|Any CPU.Build.0 = Debug|Any CPU
		{5D72495F-ED8F-4593-ACA2-43FCE5F1CB17}.Release|Any CPU.ActiveCfg = Release|Any CPU
		{5D72495F-ED8F-4593-ACA2-43FCE5F1CB17}.Release|Any CPU.Build.0 = Release|Any CPU
		{C457A0A4-D9AE-4B0F-A790-8CBFBD7B6605}.Debug|Any CPU.ActiveCfg = Debug|Any CPU
		{C457A0A4-D9AE-4B0F-A790-8CBFBD7B6605}.Debug|Any CPU.Build.0 = Debug|Any CPU
		{C457A0A4-D9AE-4B0F-A790-8CBFBD7B6605}.Release|Any CPU.ActiveCfg = Release|Any CPU
		{C457A0A4-D9AE-4B0F-A790-8CBFBD7B6605}.Release|Any CPU.Build.0 = Release|Any CPU
		{5004C464-437C-4236-8B98-DF28E50E32DA}.Debug|Any CPU.ActiveCfg = Debug|Any CPU
		{5004C464-437C-4236-8B98-DF28E50E32DA}.Debug|Any CPU.Build.0 = Debug|Any CPU
		{5004C464-437C-4236-8B98-DF28E50E32DA}.Release|Any CPU.ActiveCfg = Release|Any CPU
		{5004C464-437C-4236-8B98-DF28E50E32DA}.Release|Any CPU.Build.0 = Release|Any CPU
		{48C7D1F8-9658-495C-9E2E-C8D3C333CB63}.Debug|Any CPU.ActiveCfg = Debug|Any CPU
		{48C7D1F8-9658-495C-9E2E-C8D3C333CB63}.Debug|Any CPU.Build.0 = Debug|Any CPU
		{48C7D1F8-9658-495C-9E2E-C8D3C333CB63}.Release|Any CPU.ActiveCfg = Release|Any CPU
		{48C7D1F8-9658-495C-9E2E-C8D3C333CB63}.Release|Any CPU.Build.0 = Release|Any CPU
	EndGlobalSection
	GlobalSection(SolutionProperties) = preSolution
		HideSolutionNode = FALSE
	EndGlobalSection
	GlobalSection(ExtensibilityGlobals) = postSolution
		SolutionGuid = {690DD11F-4A91-43EE-89B0-A5586019C18B}
	EndGlobalSection
EndGlobal
